
Microsoft Visual Studio Solution File, Format Version 12.00
# Visual Studio Version 16
VisualStudioVersion = 16.0.31112.23
MinimumVisualStudioVersion = 10.0.40219.1
Project("{FAE04EC0-301F-11D3-BF4B-00C04F79EFBC}") = "WCFStreaming", "WCFStreaming\WCFStreaming.csproj", "{F798E94C-7688-46BA-8F22-D65ED4B6E785}"
EndProject
Project("{FAE04EC0-301F-11D3-BF4B-00C04F79EFBC}") = "WebClient", "WebClient\WebClient.csproj", "{EFE16BBC-7CB3-41B1-A9CF-1CB371B0F66F}"
	ProjectSection(ProjectDependencies) = postProject
		{F798E94C-7688-46BA-8F22-D65ED4B6E785} = {F798E94C-7688-46BA-8F22-D65ED4B6E785}
	EndProjectSection
EndProject
Global
	GlobalSection(SolutionConfigurationPlatforms) = preSolution
		Debug|Any CPU = Debug|Any CPU
		Release|Any CPU = Release|Any CPU
	EndGlobalSection
	GlobalSection(ProjectConfigurationPlatforms) = postSolution
		{F798E94C-7688-46BA-8F22-D65ED4B6E785}.Debug|Any CPU.ActiveCfg = Debug|Any CPU
		{F798E94C-7688-46BA-8F22-D65ED4B6E785}.Debug|Any CPU.Build.0 = Debug|Any CPU
		{F798E94C-7688-46BA-8F22-D65ED4B6E785}.Release|Any CPU.ActiveCfg = Release|Any CPU
		{F798E94C-7688-46BA-8F22-D65ED4B6E785}.Release|Any CPU.Build.0 = Release|Any CPU
		{EFE16BBC-7CB3-41B1-A9CF-1CB371B0F66F}.Debug|Any CPU.ActiveCfg = Debug|Any CPU
		{EFE16BBC-7CB3-41B1-A9CF-1CB371B0F66F}.Debug|Any CPU.Build.0 = Debug|Any CPU
		{EFE16BBC-7CB3-41B1-A9CF-1CB371B0F66F}.Release|Any CPU.ActiveCfg = Release|Any CPU
		{EFE16BBC-7CB3-41B1-A9CF-1CB371B0F66F}.Release|Any CPU.Build.0 = Release|Any CPU
	EndGlobalSection
	GlobalSection(SolutionProperties) = preSolution
		HideSolutionNode = FALSE
	EndGlobalSection
	GlobalSection(ExtensibilityGlobals) = postSolution
		SolutionGuid = {3FCEC1E2-C242-4133-B4ED-32AA51816313}
	EndGlobalSection
EndGlobal
